
Microsoft Visual Studio Solution File, Format Version 10.00
# Visual Studio 2008
# SharpDevelop 3.2.0.5505
Project("{FAE04EC0-301F-11D3-BF4B-00C04F79EFBC}") = "DiagramViewer", "DiagramViewer\DiagramViewer.csproj", "{2D204071-E9CF-4027-B073-48AB79718B93}"
EndProject
Project("{FAE04EC0-301F-11D3-BF4B-00C04F79EFBC}") = "WindowMasker", "WindowMasker\WindowMasker.csproj", "{14486AE5-AAB4-49BC-9C99-947694C1CF2B}"
EndProject
Global
	GlobalSection(SolutionConfigurationPlatforms) = preSolution
		Debug|x86 = Debug|x86
		Release|x86 = Release|x86
	EndGlobalSection
	GlobalSection(ProjectConfigurationPlatforms) = postSolution
		{2D204071-E9CF-4027-B073-48AB79718B93}.Debug|x86.Build.0 = Debug|x86
		{2D204071-E9CF-4027-B073-48AB79718B93}.Debug|x86.ActiveCfg = Debug|x86
		{2D204071-E9CF-4027-B073-48AB79718B93}.Release|x86.Build.0 = Release|x86
		{2D204071-E9CF-4027-B073-48AB79718B93}.Release|x86.ActiveCfg = Release|x86
		{14486AE5-AAB4-49BC-9C99-947694C1CF2B}.Debug|x86.Build.0 = Debug|x86
		{14486AE5-AAB4-49BC-9C99-947694C1CF2B}.Debug|x86.ActiveCfg = Debug|x86
		{14486AE5-AAB4-49BC-9C99-947694C1CF2B}.Release|x86.Build.0 = Release|x86
		{14486AE5-AAB4-49BC-9C99-947694C1CF2B}.Release|x86.ActiveCfg = Release|x86
	EndGlobalSection
EndGlobal
